
Microsoft Visual Studio Solution File, Format Version 12.00
# Visual Studio 15
VisualStudioVersion = 15.0.26730.16
MinimumVisualStudioVersion = 10.0.40219.1
Project("{FAE04EC0-301F-11D3-BF4B-00C04F79EFBC}") = "projetBluetooth", "projetBluetooth\projetBluetooth.csproj", "{57F8A6F8-DD38-4E09-B762-FFE094B9F4EF}"
EndProject
Global
	GlobalSection(SolutionConfigurationPlatforms) = preSolution
		Debug|Any CPU = Debug|Any CPU
		Release|Any CPU = Release|Any CPU
	EndGlobalSection
	GlobalSection(ProjectConfigurationPlatforms) = postSolution
		{57F8A6F8-DD38-4E09-B762-FFE094B9F4EF}.Debug|Any CPU.ActiveCfg = Debug|Any CPU
		{57F8A6F8-DD38-4E09-B762-FFE094B9F4EF}.Debug|Any CPU.Build.0 = Debug|Any CPU
		{57F8A6F8-DD38-4E09-B762-FFE094B9F4EF}.Release|Any CPU.ActiveCfg = Release|Any CPU
		{57F8A6F8-DD38-4E09-B762-FFE094B9F4EF}.Release|Any CPU.Build.0 = Release|Any CPU
	EndGlobalSection
	GlobalSection(SolutionProperties) = preSolution
		HideSolutionNode = FALSE
	EndGlobalSection
	GlobalSection(ExtensibilityGlobals) = postSolution
		SolutionGuid = {4F6F2E98-C223-410D-9659-82A0ADF44AEC}
	EndGlobalSection
EndGlobal
