
Microsoft Visual Studio Solution File, Format Version 12.00
# Visual Studio 14
VisualStudioVersion = 14.0.25420.1
MinimumVisualStudioVersion = 10.0.40219.1
Project("{FAE04EC0-301F-11D3-BF4B-00C04F79EFBC}") = "Etudiant_Exercice", "Etudiant_Exercice\Etudiant_Exercice.csproj", "{9E6EAEB3-BD34-42C5-AEA7-CDE204A5144C}"
EndProject
Project("{FAE04EC0-301F-11D3-BF4B-00C04F79EFBC}") = "Etudiant_ExerciceTests", "Etudiant_ExerciceTests\Etudiant_ExerciceTests.csproj", "{B1CB54A2-F851-4654-8BC7-327360FDF480}"
EndProject
Global
	GlobalSection(SolutionConfigurationPlatforms) = preSolution
		Debug|Any CPU = Debug|Any CPU
		Release|Any CPU = Release|Any CPU
	EndGlobalSection
	GlobalSection(ProjectConfigurationPlatforms) = postSolution
		{9E6EAEB3-BD34-42C5-AEA7-CDE204A5144C}.Debug|Any CPU.ActiveCfg = Debug|Any CPU
		{9E6EAEB3-BD34-42C5-AEA7-CDE204A5144C}.Debug|Any CPU.Build.0 = Debug|Any CPU
		{9E6EAEB3-BD34-42C5-AEA7-CDE204A5144C}.Release|Any CPU.ActiveCfg = Release|Any CPU
		{9E6EAEB3-BD34-42C5-AEA7-CDE204A5144C}.Release|Any CPU.Build.0 = Release|Any CPU
		{B1CB54A2-F851-4654-8BC7-327360FDF480}.Debug|Any CPU.ActiveCfg = Debug|Any CPU
		{B1CB54A2-F851-4654-8BC7-327360FDF480}.Debug|Any CPU.Build.0 = Debug|Any CPU
		{B1CB54A2-F851-4654-8BC7-327360FDF480}.Release|Any CPU.ActiveCfg = Release|Any CPU
		{B1CB54A2-F851-4654-8BC7-327360FDF480}.Release|Any CPU.Build.0 = Release|Any CPU
	EndGlobalSection
	GlobalSection(SolutionProperties) = preSolution
		HideSolutionNode = FALSE
	EndGlobalSection
	GlobalSection(TeamFoundationVersionControl) = preSolution
		SccNumberOfProjects = 3
		SccEnterpriseProvider = {4CA58AB2-18FA-4F8D-95D4-32DDF27D184C}
		SccTeamFoundationServer = https://jonathanexocsharpb2.visualstudio.com/
		SccLocalPath0 = .
		SccProjectUniqueName1 = Etudiant_Exercice\\Etudiant_Exercice.csproj
		SccProjectName1 = Etudiant_Exercice
		SccLocalPath1 = Etudiant_Exercice
		SccProjectUniqueName2 = Etudiant_ExerciceTests\\Etudiant_ExerciceTests.csproj
		SccProjectName2 = Etudiant_ExerciceTests
		SccLocalPath2 = Etudiant_ExerciceTests
	EndGlobalSection
EndGlobal
